// !$*UTF8*$!
{
	archiveVersion = 1;
	classes = {
	};
	objectVersion = 55;
	objects = {

/* Begin PBXBuildFile section */
		B0E0B85F2834296700A58732 /* CryptoApp.swift in Sources */ = {isa = PBXBuildFile; fileRef = B0E0B85E2834296700A58732 /* CryptoApp.swift */; };
		B0E0B8612834296700A58732 /* ContentView.swift in Sources */ = {isa = PBXBuildFile; fileRef = B0E0B8602834296700A58732 /* ContentView.swift */; };
		B0E0B8662834296900A58732 /* Preview Assets.xcassets in Resources */ = {isa = PBXBuildFile; fileRef = B0E0B8652834296900A58732 /* Preview Assets.xcassets */; };
		B0E0B86D2834298100A58732 /* Assets.xcassets in Resources */ = {isa = PBXBuildFile; fileRef = B0E0B86C2834298100A58732 /* Assets.xcassets */; };
		B0E0B87228342BEA00A58732 /* Color.swift in Sources */ = {isa = PBXBuildFile; fileRef = B0E0B87128342BEA00A58732 /* Color.swift */; };
		B0E0B87828342DB700A58732 /* HomeView.swift in Sources */ = {isa = PBXBuildFile; fileRef = B0E0B87728342DB700A58732 /* HomeView.swift */; };
		B0E0B87C28342EA200A58732 /* CircleButtonView.swift in Sources */ = {isa = PBXBuildFile; fileRef = B0E0B87B28342EA200A58732 /* CircleButtonView.swift */; };
		B0E0B87E2834318100A58732 /* CircleButtonAnimationView.swift in Sources */ = {isa = PBXBuildFile; fileRef = B0E0B87D2834318100A58732 /* CircleButtonAnimationView.swift */; };
		B0E0B8802834349B00A58732 /* View.swift in Sources */ = {isa = PBXBuildFile; fileRef = B0E0B87F2834349B00A58732 /* View.swift */; };
		B0E0B8852834394700A58732 /* Coin.swift in Sources */ = {isa = PBXBuildFile; fileRef = B0E0B8842834394700A58732 /* Coin.swift */; };
		B0E0B88728343CB600A58732 /* CoinRowView.swift in Sources */ = {isa = PBXBuildFile; fileRef = B0E0B88628343CB600A58732 /* CoinRowView.swift */; };
		B0E0B88B28343DF400A58732 /* PreviewProvider.swift in Sources */ = {isa = PBXBuildFile; fileRef = B0E0B88A28343DF400A58732 /* PreviewProvider.swift */; };
		B0E0B88D28343FC600A58732 /* Double.swift in Sources */ = {isa = PBXBuildFile; fileRef = B0E0B88C28343FC600A58732 /* Double.swift */; };
		B0E0B88F2834442900A58732 /* HomeViewModel.swift in Sources */ = {isa = PBXBuildFile; fileRef = B0E0B88E2834442900A58732 /* HomeViewModel.swift */; };
		B0E0B892283449AE00A58732 /* CoinDataService.swift in Sources */ = {isa = PBXBuildFile; fileRef = B0E0B891283449AE00A58732 /* CoinDataService.swift */; };
		B0E0B8952834512900A58732 /* NetworkingManager.swift in Sources */ = {isa = PBXBuildFile; fileRef = B0E0B8942834512900A58732 /* NetworkingManager.swift */; };
		B0E0B8982835728500A58732 /* CoinImageView.swift in Sources */ = {isa = PBXBuildFile; fileRef = B0E0B8972835728500A58732 /* CoinImageView.swift */; };
		B0E0B89A283573FD00A58732 /* CoinImageService.swift in Sources */ = {isa = PBXBuildFile; fileRef = B0E0B899283573FD00A58732 /* CoinImageService.swift */; };
		B0E0B89C283575BC00A58732 /* CoinImageViewModel.swift in Sources */ = {isa = PBXBuildFile; fileRef = B0E0B89B283575BC00A58732 /* CoinImageViewModel.swift */; };
		B0E0B89E28362CDF00A58732 /* LocalFileManager.swift in Sources */ = {isa = PBXBuildFile; fileRef = B0E0B89D28362CDE00A58732 /* LocalFileManager.swift */; };
/* End PBXBuildFile section */

/* Begin PBXFileReference section */
		B0E0B85B2834296700A58732 /* CryptoApp.app */ = {isa = PBXFileReference; explicitFileType = wrapper.application; includeInIndex = 0; path = CryptoApp.app; sourceTree = BUILT_PRODUCTS_DIR; };
		B0E0B85E2834296700A58732 /* CryptoApp.swift */ = {isa = PBXFileReference; lastKnownFileType = sourcecode.swift; path = CryptoApp.swift; sourceTree = "<group>"; };
		B0E0B8602834296700A58732 /* ContentView.swift */ = {isa = PBXFileReference; lastKnownFileType = sourcecode.swift; path = ContentView.swift; sourceTree = "<group>"; };
		B0E0B8652834296900A58732 /* Preview Assets.xcassets */ = {isa = PBXFileReference; lastKnownFileType = folder.assetcatalog; path = "Preview Assets.xcassets"; sourceTree = "<group>"; };
		B0E0B86C2834298100A58732 /* Assets.xcassets */ = {isa = PBXFileReference; lastKnownFileType = folder.assetcatalog; name = Assets.xcassets; path = ../../Resources/Assets.xcassets; sourceTree = "<group>"; };
		B0E0B86E28342A1F00A58732 /* README.md */ = {isa = PBXFileReference; lastKnownFileType = net.daringfireball.markdown; path = README.md; sourceTree = "<group>"; };
		B0E0B87128342BEA00A58732 /* Color.swift */ = {isa = PBXFileReference; lastKnownFileType = sourcecode.swift; path = Color.swift; sourceTree = "<group>"; };
		B0E0B87728342DB700A58732 /* HomeView.swift */ = {isa = PBXFileReference; lastKnownFileType = sourcecode.swift; path = HomeView.swift; sourceTree = "<group>"; };
		B0E0B87B28342EA200A58732 /* CircleButtonView.swift */ = {isa = PBXFileReference; lastKnownFileType = sourcecode.swift; path = CircleButtonView.swift; sourceTree = "<group>"; };
		B0E0B87D2834318100A58732 /* CircleButtonAnimationView.swift */ = {isa = PBXFileReference; lastKnownFileType = sourcecode.swift; path = CircleButtonAnimationView.swift; sourceTree = "<group>"; };
		B0E0B87F2834349B00A58732 /* View.swift */ = {isa = PBXFileReference; lastKnownFileType = sourcecode.swift; path = View.swift; sourceTree = "<group>"; };
		B0E0B8842834394700A58732 /* Coin.swift */ = {isa = PBXFileReference; fileEncoding = 4; lastKnownFileType = sourcecode.swift; path = Coin.swift; sourceTree = "<group>"; };
		B0E0B88628343CB600A58732 /* CoinRowView.swift */ = {isa = PBXFileReference; lastKnownFileType = sourcecode.swift; path = CoinRowView.swift; sourceTree = "<group>"; };
		B0E0B88A28343DF400A58732 /* PreviewProvider.swift */ = {isa = PBXFileReference; fileEncoding = 4; lastKnownFileType = sourcecode.swift; name = PreviewProvider.swift; path = ../../../Resources/Extensions/PreviewProvider.swift; sourceTree = "<group>"; };
		B0E0B88C28343FC600A58732 /* Double.swift */ = {isa = PBXFileReference; fileEncoding = 4; lastKnownFileType = sourcecode.swift; path = Double.swift; sourceTree = "<group>"; };
		B0E0B88E2834442900A58732 /* HomeViewModel.swift */ = {isa = PBXFileReference; lastKnownFileType = sourcecode.swift; path = HomeViewModel.swift; sourceTree = "<group>"; };
		B0E0B891283449AE00A58732 /* CoinDataService.swift */ = {isa = PBXFileReference; lastKnownFileType = sourcecode.swift; path = CoinDataService.swift; sourceTree = "<group>"; };
		B0E0B8942834512900A58732 /* NetworkingManager.swift */ = {isa = PBXFileReference; lastKnownFileType = sourcecode.swift; path = NetworkingManager.swift; sourceTree = "<group>"; };
		B0E0B8972835728500A58732 /* CoinImageView.swift */ = {isa = PBXFileReference; lastKnownFileType = sourcecode.swift; path = CoinImageView.swift; sourceTree = "<group>"; };
		B0E0B899283573FD00A58732 /* CoinImageService.swift */ = {isa = PBXFileReference; lastKnownFileType = sourcecode.swift; path = CoinImageService.swift; sourceTree = "<group>"; };
		B0E0B89B283575BC00A58732 /* CoinImageViewModel.swift */ = {isa = PBXFileReference; lastKnownFileType = sourcecode.swift; path = CoinImageViewModel.swift; sourceTree = "<group>"; };
		B0E0B89D28362CDE00A58732 /* LocalFileManager.swift */ = {isa = PBXFileReference; lastKnownFileType = sourcecode.swift; path = LocalFileManager.swift; sourceTree = "<group>"; };
/* End PBXFileReference section */

/* Begin PBXFrameworksBuildPhase section */
		B0E0B8582834296700A58732 /* Frameworks */ = {
			isa = PBXFrameworksBuildPhase;
			buildActionMask = 2147483647;
			files = (
			);
			runOnlyForDeploymentPostprocessing = 0;
		};
/* End PBXFrameworksBuildPhase section */

/* Begin PBXGroup section */
		B0E0B8522834296700A58732 = {
			isa = PBXGroup;
			children = (
				B0E0B86E28342A1F00A58732 /* README.md */,
				B0E0B85D2834296700A58732 /* CryptoApp */,
				B0E0B85C2834296700A58732 /* Products */,
			);
			sourceTree = "<group>";
		};
		B0E0B85C2834296700A58732 /* Products */ = {
			isa = PBXGroup;
			children = (
				B0E0B85B2834296700A58732 /* CryptoApp.app */,
			);
			name = Products;
			sourceTree = "<group>";
		};
		B0E0B85D2834296700A58732 /* CryptoApp */ = {
			isa = PBXGroup;
			children = (
				B0E0B893283450F600A58732 /* Utilities */,
				B0E0B8902834498000A58732 /* Services */,
				B0E0B881283438B500A58732 /* Models */,
				B0E0B87028342BC800A58732 /* Extensions */,
				B0E0B87328342D8E00A58732 /* Core */,
				B0E0B85E2834296700A58732 /* CryptoApp.swift */,
				B0E0B8602834296700A58732 /* ContentView.swift */,
				B0E0B86C2834298100A58732 /* Assets.xcassets */,
				B0E0B8642834296900A58732 /* Preview Content */,
			);
			path = CryptoApp;
			sourceTree = "<group>";
		};
		B0E0B8642834296900A58732 /* Preview Content */ = {
			isa = PBXGroup;
			children = (
				B0E0B8652834296900A58732 /* Preview Assets.xcassets */,
			);
			path = "Preview Content";
			sourceTree = "<group>";
		};
		B0E0B87028342BC800A58732 /* Extensions */ = {
			isa = PBXGroup;
			children = (
				B0E0B88C28343FC600A58732 /* Double.swift */,
				B0E0B87128342BEA00A58732 /* Color.swift */,
				B0E0B87F2834349B00A58732 /* View.swift */,
				B0E0B88A28343DF400A58732 /* PreviewProvider.swift */,
			);
			path = Extensions;
			sourceTree = "<group>";
		};
		B0E0B87328342D8E00A58732 /* Core */ = {
			isa = PBXGroup;
			children = (
				B0E0B87928342E7600A58732 /* Components */,
				B0E0B87428342D9500A58732 /* Home */,
			);
			path = Core;
			sourceTree = "<group>";
		};
		B0E0B87428342D9500A58732 /* Home */ = {
			isa = PBXGroup;
			children = (
				B0E0B87628342DA400A58732 /* ViewModels */,
				B0E0B87528342D9D00A58732 /* Views */,
			);
			path = Home;
			sourceTree = "<group>";
		};
		B0E0B87528342D9D00A58732 /* Views */ = {
			isa = PBXGroup;
			children = (
				B0E0B87728342DB700A58732 /* HomeView.swift */,
				B0E0B88628343CB600A58732 /* CoinRowView.swift */,
			);
			path = Views;
			sourceTree = "<group>";
		};
		B0E0B87628342DA400A58732 /* ViewModels */ = {
			isa = PBXGroup;
			children = (
				B0E0B88E2834442900A58732 /* HomeViewModel.swift */,
			);
			path = ViewModels;
			sourceTree = "<group>";
		};
		B0E0B87928342E7600A58732 /* Components */ = {
			isa = PBXGroup;
			children = (
				B0E0B8962835726F00A58732 /* CoinImage */,
				B0E0B87A28342E8D00A58732 /* CircleButton */,
			);
			path = Components;
			sourceTree = "<group>";
		};
		B0E0B87A28342E8D00A58732 /* CircleButton */ = {
			isa = PBXGroup;
			children = (
				B0E0B87B28342EA200A58732 /* CircleButtonView.swift */,
				B0E0B87D2834318100A58732 /* CircleButtonAnimationView.swift */,
			);
			path = CircleButton;
			sourceTree = "<group>";
		};
		B0E0B881283438B500A58732 /* Models */ = {
			isa = PBXGroup;
			children = (
				B0E0B8842834394700A58732 /* Coin.swift */,
			);
			path = Models;
			sourceTree = "<group>";
		};
		B0E0B8902834498000A58732 /* Services */ = {
			isa = PBXGroup;
			children = (
				B0E0B891283449AE00A58732 /* CoinDataService.swift */,
				B0E0B899283573FD00A58732 /* CoinImageService.swift */,
			);
			path = Services;
			sourceTree = "<group>";
		};
		B0E0B893283450F600A58732 /* Utilities */ = {
			isa = PBXGroup;
			children = (
				B0E0B8942834512900A58732 /* NetworkingManager.swift */,
				B0E0B89D28362CDE00A58732 /* LocalFileManager.swift */,
			);
			path = Utilities;
			sourceTree = "<group>";
		};
		B0E0B8962835726F00A58732 /* CoinImage */ = {
			isa = PBXGroup;
			children = (
				B0E0B8972835728500A58732 /* CoinImageView.swift */,
				B0E0B89B283575BC00A58732 /* CoinImageViewModel.swift */,
			);
			path = CoinImage;
			sourceTree = "<group>";
		};
/* End PBXGroup section */

/* Begin PBXNativeTarget section */
		B0E0B85A2834296700A58732 /* CryptoApp */ = {
			isa = PBXNativeTarget;
			buildConfigurationList = B0E0B8692834296900A58732 /* Build configuration list for PBXNativeTarget "CryptoApp" */;
			buildPhases = (
				B0E0B8572834296700A58732 /* Sources */,
				B0E0B8582834296700A58732 /* Frameworks */,
				B0E0B8592834296700A58732 /* Resources */,
			);
			buildRules = (
			);
			dependencies = (
			);
			name = CryptoApp;
			productName = CryptoApp;
			productReference = B0E0B85B2834296700A58732 /* CryptoApp.app */;
			productType = "com.apple.product-type.application";
		};
/* End PBXNativeTarget section */

/* Begin PBXProject section */
		B0E0B8532834296700A58732 /* Project object */ = {
			isa = PBXProject;
			attributes = {
				BuildIndependentTargetsInParallel = 1;
				LastSwiftUpdateCheck = 1330;
				LastUpgradeCheck = 1330;
				TargetAttributes = {
					B0E0B85A2834296700A58732 = {
						CreatedOnToolsVersion = 13.3.1;
					};
				};
			};
			buildConfigurationList = B0E0B8562834296700A58732 /* Build configuration list for PBXProject "CryptoApp" */;
			compatibilityVersion = "Xcode 13.0";
			developmentRegion = en;
			hasScannedForEncodings = 0;
			knownRegions = (
				en,
				Base,
			);
			mainGroup = B0E0B8522834296700A58732;
			productRefGroup = B0E0B85C2834296700A58732 /* Products */;
			projectDirPath = "";
			projectRoot = "";
			targets = (
				B0E0B85A2834296700A58732 /* CryptoApp */,
			);
		};
/* End PBXProject section */

/* Begin PBXResourcesBuildPhase section */
		B0E0B8592834296700A58732 /* Resources */ = {
			isa = PBXResourcesBuildPhase;
			buildActionMask = 2147483647;
			files = (
				B0E0B8662834296900A58732 /* Preview Assets.xcassets in Resources */,
				B0E0B86D2834298100A58732 /* Assets.xcassets in Resources */,
			);
			runOnlyForDeploymentPostprocessing = 0;
		};
/* End PBXResourcesBuildPhase section */

/* Begin PBXSourcesBuildPhase section */
		B0E0B8572834296700A58732 /* Sources */ = {
			isa = PBXSourcesBuildPhase;
			buildActionMask = 2147483647;
			files = (
				B0E0B88728343CB600A58732 /* CoinRowView.swift in Sources */,
				B0E0B8612834296700A58732 /* ContentView.swift in Sources */,
				B0E0B87828342DB700A58732 /* HomeView.swift in Sources */,
				B0E0B85F2834296700A58732 /* CryptoApp.swift in Sources */,
				B0E0B87C28342EA200A58732 /* CircleButtonView.swift in Sources */,
				B0E0B892283449AE00A58732 /* CoinDataService.swift in Sources */,
				B0E0B87228342BEA00A58732 /* Color.swift in Sources */,
				B0E0B88B28343DF400A58732 /* PreviewProvider.swift in Sources */,
				B0E0B89C283575BC00A58732 /* CoinImageViewModel.swift in Sources */,
				B0E0B88F2834442900A58732 /* HomeViewModel.swift in Sources */,
				B0E0B8802834349B00A58732 /* View.swift in Sources */,
				B0E0B89E28362CDF00A58732 /* LocalFileManager.swift in Sources */,
				B0E0B8852834394700A58732 /* Coin.swift in Sources */,
				B0E0B8982835728500A58732 /* CoinImageView.swift in Sources */,
				B0E0B88D28343FC600A58732 /* Double.swift in Sources */,
				B0E0B87E2834318100A58732 /* CircleButtonAnimationView.swift in Sources */,
				B0E0B89A283573FD00A58732 /* CoinImageService.swift in Sources */,
				B0E0B8952834512900A58732 /* NetworkingManager.swift in Sources */,
			);
			runOnlyForDeploymentPostprocessing = 0;
		};
/* End PBXSourcesBuildPhase section */

/* Begin XCBuildConfiguration section */
		B0E0B8672834296900A58732 /* Debug */ = {
			isa = XCBuildConfiguration;
			buildSettings = {
				ALWAYS_SEARCH_USER_PATHS = NO;
				CLANG_ANALYZER_NONNULL = YES;
				CLANG_ANALYZER_NUMBER_OBJECT_CONVERSION = YES_AGGRESSIVE;
				CLANG_CXX_LANGUAGE_STANDARD = "gnu++17";
				CLANG_ENABLE_MODULES = YES;
				CLANG_ENABLE_OBJC_ARC = YES;
				CLANG_ENABLE_OBJC_WEAK = YES;
				CLANG_WARN_BLOCK_CAPTURE_AUTORELEASING = YES;
				CLANG_WARN_BOOL_CONVERSION = YES;
				CLANG_WARN_COMMA = YES;
				CLANG_WARN_CONSTANT_CONVERSION = YES;
				CLANG_WARN_DEPRECATED_OBJC_IMPLEMENTATIONS = YES;
				CLANG_WARN_DIRECT_OBJC_ISA_USAGE = YES_ERROR;
				CLANG_WARN_DOCUMENTATION_COMMENTS = YES;
				CLANG_WARN_EMPTY_BODY = YES;
				CLANG_WARN_ENUM_CONVERSION = YES;
				CLANG_WARN_INFINITE_RECURSION = YES;
				CLANG_WARN_INT_CONVERSION = YES;
				CLANG_WARN_NON_LITERAL_NULL_CONVERSION = YES;
				CLANG_WARN_OBJC_IMPLICIT_RETAIN_SELF = YES;
				CLANG_WARN_OBJC_LITERAL_CONVERSION = YES;
				CLANG_WARN_OBJC_ROOT_CLASS = YES_ERROR;
				CLANG_WARN_QUOTED_INCLUDE_IN_FRAMEWORK_HEADER = YES;
				CLANG_WARN_RANGE_LOOP_ANALYSIS = YES;
				CLANG_WARN_STRICT_PROTOTYPES = YES;
				CLANG_WARN_SUSPICIOUS_MOVE = YES;
				CLANG_WARN_UNGUARDED_AVAILABILITY = YES_AGGRESSIVE;
				CLANG_WARN_UNREACHABLE_CODE = YES;
				CLANG_WARN__DUPLICATE_METHOD_MATCH = YES;
				COPY_PHASE_STRIP = NO;
				DEBUG_INFORMATION_FORMAT = dwarf;
				ENABLE_STRICT_OBJC_MSGSEND = YES;
				ENABLE_TESTABILITY = YES;
				GCC_C_LANGUAGE_STANDARD = gnu11;
				GCC_DYNAMIC_NO_PIC = NO;
				GCC_NO_COMMON_BLOCKS = YES;
				GCC_OPTIMIZATION_LEVEL = 0;
				GCC_PREPROCESSOR_DEFINITIONS = (
					"DEBUG=1",
					"$(inherited)",
				);
				GCC_WARN_64_TO_32_BIT_CONVERSION = YES;
				GCC_WARN_ABOUT_RETURN_TYPE = YES_ERROR;
				GCC_WARN_UNDECLARED_SELECTOR = YES;
				GCC_WARN_UNINITIALIZED_AUTOS = YES_AGGRESSIVE;
				GCC_WARN_UNUSED_FUNCTION = YES;
				GCC_WARN_UNUSED_VARIABLE = YES;
				IPHONEOS_DEPLOYMENT_TARGET = 15.4;
				MTL_ENABLE_DEBUG_INFO = INCLUDE_SOURCE;
				MTL_FAST_MATH = YES;
				ONLY_ACTIVE_ARCH = YES;
				SDKROOT = iphoneos;
				SWIFT_ACTIVE_COMPILATION_CONDITIONS = DEBUG;
				SWIFT_OPTIMIZATION_LEVEL = "-Onone";
			};
			name = Debug;
		};
		B0E0B8682834296900A58732 /* Release */ = {
			isa = XCBuildConfiguration;
			buildSettings = {
				ALWAYS_SEARCH_USER_PATHS = NO;
				CLANG_ANALYZER_NONNULL = YES;
				CLANG_ANALYZER_NUMBER_OBJECT_CONVERSION = YES_AGGRESSIVE;
				CLANG_CXX_LANGUAGE_STANDARD = "gnu++17";
				CLANG_ENABLE_MODULES = YES;
				CLANG_ENABLE_OBJC_ARC = YES;
				CLANG_ENABLE_OBJC_WEAK = YES;
				CLANG_WARN_BLOCK_CAPTURE_AUTORELEASING = YES;
				CLANG_WARN_BOOL_CONVERSION = YES;
				CLANG_WARN_COMMA = YES;
				CLANG_WARN_CONSTANT_CONVERSION = YES;
				CLANG_WARN_DEPRECATED_OBJC_IMPLEMENTATIONS = YES;
				CLANG_WARN_DIRECT_OBJC_ISA_USAGE = YES_ERROR;
				CLANG_WARN_DOCUMENTATION_COMMENTS = YES;
				CLANG_WARN_EMPTY_BODY = YES;
				CLANG_WARN_ENUM_CONVERSION = YES;
				CLANG_WARN_INFINITE_RECURSION = YES;
				CLANG_WARN_INT_CONVERSION = YES;
				CLANG_WARN_NON_LITERAL_NULL_CONVERSION = YES;
				CLANG_WARN_OBJC_IMPLICIT_RETAIN_SELF = YES;
				CLANG_WARN_OBJC_LITERAL_CONVERSION = YES;
				CLANG_WARN_OBJC_ROOT_CLASS = YES_ERROR;
				CLANG_WARN_QUOTED_INCLUDE_IN_FRAMEWORK_HEADER = YES;
				CLANG_WARN_RANGE_LOOP_ANALYSIS = YES;
				CLANG_WARN_STRICT_PROTOTYPES = YES;
				CLANG_WARN_SUSPICIOUS_MOVE = YES;
				CLANG_WARN_UNGUARDED_AVAILABILITY = YES_AGGRESSIVE;
				CLANG_WARN_UNREACHABLE_CODE = YES;
				CLANG_WARN__DUPLICATE_METHOD_MATCH = YES;
				COPY_PHASE_STRIP = NO;
				DEBUG_INFORMATION_FORMAT = "dwarf-with-dsym";
				ENABLE_NS_ASSERTIONS = NO;
				ENABLE_STRICT_OBJC_MSGSEND = YES;
				GCC_C_LANGUAGE_STANDARD = gnu11;
				GCC_NO_COMMON_BLOCKS = YES;
				GCC_WARN_64_TO_32_BIT_CONVERSION = YES;
				GCC_WARN_ABOUT_RETURN_TYPE = YES_ERROR;
				GCC_WARN_UNDECLARED_SELECTOR = YES;
				GCC_WARN_UNINITIALIZED_AUTOS = YES_AGGRESSIVE;
				GCC_WARN_UNUSED_FUNCTION = YES;
				GCC_WARN_UNUSED_VARIABLE = YES;
				IPHONEOS_DEPLOYMENT_TARGET = 15.4;
				MTL_ENABLE_DEBUG_INFO = NO;
				MTL_FAST_MATH = YES;
				SDKROOT = iphoneos;
				SWIFT_COMPILATION_MODE = wholemodule;
				SWIFT_OPTIMIZATION_LEVEL = "-O";
				VALIDATE_PRODUCT = YES;
			};
			name = Release;
		};
		B0E0B86A2834296900A58732 /* Debug */ = {
			isa = XCBuildConfiguration;
			buildSettings = {
				ASSETCATALOG_COMPILER_APPICON_NAME = AppIcon;
				ASSETCATALOG_COMPILER_GLOBAL_ACCENT_COLOR_NAME = AccentColor;
				CODE_SIGN_STYLE = Automatic;
				CURRENT_PROJECT_VERSION = 1;
				DEVELOPMENT_ASSET_PATHS = "\"CryptoApp/Preview Content\"";
				DEVELOPMENT_TEAM = 4BQNYZKM4H;
				ENABLE_PREVIEWS = YES;
				GENERATE_INFOPLIST_FILE = YES;
				INFOPLIST_KEY_UIApplicationSceneManifest_Generation = YES;
				INFOPLIST_KEY_UIApplicationSupportsIndirectInputEvents = YES;
				INFOPLIST_KEY_UILaunchScreen_Generation = YES;
				INFOPLIST_KEY_UISupportedInterfaceOrientations_iPad = "UIInterfaceOrientationPortrait UIInterfaceOrientationPortraitUpsideDown UIInterfaceOrientationLandscapeLeft UIInterfaceOrientationLandscapeRight";
				INFOPLIST_KEY_UISupportedInterfaceOrientations_iPhone = "UIInterfaceOrientationPortrait UIInterfaceOrientationLandscapeLeft UIInterfaceOrientationLandscapeRight";
				LD_RUNPATH_SEARCH_PATHS = (
					"$(inherited)",
					"@executable_path/Frameworks",
				);
				MARKETING_VERSION = 1.0;
				PRODUCT_BUNDLE_IDENTIFIER = com.kodalaigh.CryptoApp;
				PRODUCT_NAME = "$(TARGET_NAME)";
				SWIFT_EMIT_LOC_STRINGS = YES;
				SWIFT_VERSION = 5.0;
				TARGETED_DEVICE_FAMILY = "1,2";
			};
			name = Debug;
		};
		B0E0B86B2834296900A58732 /* Release */ = {
			isa = XCBuildConfiguration;
			buildSettings = {
				ASSETCATALOG_COMPILER_APPICON_NAME = AppIcon;
				ASSETCATALOG_COMPILER_GLOBAL_ACCENT_COLOR_NAME = AccentColor;
				CODE_SIGN_STYLE = Automatic;
				CURRENT_PROJECT_VERSION = 1;
				DEVELOPMENT_ASSET_PATHS = "\"CryptoApp/Preview Content\"";
				DEVELOPMENT_TEAM = 4BQNYZKM4H;
				ENABLE_PREVIEWS = YES;
				GENERATE_INFOPLIST_FILE = YES;
				INFOPLIST_KEY_UIApplicationSceneManifest_Generation = YES;
				INFOPLIST_KEY_UIApplicationSupportsIndirectInputEvents = YES;
				INFOPLIST_KEY_UILaunchScreen_Generation = YES;
				INFOPLIST_KEY_UISupportedInterfaceOrientations_iPad = "UIInterfaceOrientationPortrait UIInterfaceOrientationPortraitUpsideDown UIInterfaceOrientationLandscapeLeft UIInterfaceOrientationLandscapeRight";
				INFOPLIST_KEY_UISupportedInterfaceOrientations_iPhone = "UIInterfaceOrientationPortrait UIInterfaceOrientationLandscapeLeft UIInterfaceOrientationLandscapeRight";
				LD_RUNPATH_SEARCH_PATHS = (
					"$(inherited)",
					"@executable_path/Frameworks",
				);
				MARKETING_VERSION = 1.0;
				PRODUCT_BUNDLE_IDENTIFIER = com.kodalaigh.CryptoApp;
				PRODUCT_NAME = "$(TARGET_NAME)";
				SWIFT_EMIT_LOC_STRINGS = YES;
				SWIFT_VERSION = 5.0;
				TARGETED_DEVICE_FAMILY = "1,2";
			};
			name = Release;
		};
/* End XCBuildConfiguration section */

/* Begin XCConfigurationList section */
		B0E0B8562834296700A58732 /* Build configuration list for PBXProject "CryptoApp" */ = {
			isa = XCConfigurationList;
			buildConfigurations = (
				B0E0B8672834296900A58732 /* Debug */,
				B0E0B8682834296900A58732 /* Release */,
			);
			defaultConfigurationIsVisible = 0;
			defaultConfigurationName = Release;
		};
		B0E0B8692834296900A58732 /* Build configuration list for PBXNativeTarget "CryptoApp" */ = {
			isa = XCConfigurationList;
			buildConfigurations = (
				B0E0B86A2834296900A58732 /* Debug */,
				B0E0B86B2834296900A58732 /* Release */,
			);
			defaultConfigurationIsVisible = 0;
			defaultConfigurationName = Release;
		};
/* End XCConfigurationList section */
	};
	rootObject = B0E0B8532834296700A58732 /* Project object */;
}
